# This file is automatically @generated by Cargo.
# It is not intended for manual editing.
version = 4

[[package]]
name = "unicode-segmentation"
version = "1.12.0"
source = "registry+https://github.com/rust-lang/crates.io-index"
checksum = "f6ccf251212114b54433ec949fd6a7841275f9ada20dddd2f29e9ceea4501493"

[[package]]
name = "unicode-width"
version = "0.2.1"
source = "registry+https://github.com/rust-lang/crates.io-index"
checksum = "4a1a07cc7db3810833284e8d372ccdc6da29741639ecc70c9ec107df0fa6154c"

[[package]]
name = "wraplines"
version = "0.1.0"
dependencies = [
 "unicode-segmentation",
 "unicode-width",
]
